
Microsoft Visual Studio Solution File, Format Version 12.00
# Visual Studio 14
VisualStudioVersion = 14.0.24720.0
MinimumVisualStudioVersion = 10.0.40219.1
Project("{FAE04EC0-301F-11D3-BF4B-00C04F79EFBC}") = "Lab6.1", "Lab6.1\Lab6.1.csproj", "{AC437166-F115-4D5A-AEF0-E3EE094E60E6}"
EndProject
Project("{FAE04EC0-301F-11D3-BF4B-00C04F79EFBC}") = "Lab6.1(2)", "Lab6.1(2)\Lab6.1(2).csproj", "{4F832D4F-983A-47CF-AAE2-ADE6CBAD68D1}"
EndProject
Global
	GlobalSection(SolutionConfigurationPlatforms) = preSolution
		Debug|Any CPU = Debug|Any CPU
		Release|Any CPU = Release|Any CPU
	EndGlobalSection
	GlobalSection(ProjectConfigurationPlatforms) = postSolution
		{AC437166-F115-4D5A-AEF0-E3EE094E60E6}.Debug|Any CPU.ActiveCfg = Debug|Any CPU
		{AC437166-F115-4D5A-AEF0-E3EE094E60E6}.Debug|Any CPU.Build.0 = Debug|Any CPU
		{AC437166-F115-4D5A-AEF0-E3EE094E60E6}.Release|Any CPU.ActiveCfg = Release|Any CPU
		{AC437166-F115-4D5A-AEF0-E3EE094E60E6}.Release|Any CPU.Build.0 = Release|Any CPU
		{4F832D4F-983A-47CF-AAE2-ADE6CBAD68D1}.Debug|Any CPU.ActiveCfg = Debug|Any CPU
		{4F832D4F-983A-47CF-AAE2-ADE6CBAD68D1}.Debug|Any CPU.Build.0 = Debug|Any CPU
		{4F832D4F-983A-47CF-AAE2-ADE6CBAD68D1}.Release|Any CPU.ActiveCfg = Release|Any CPU
		{4F832D4F-983A-47CF-AAE2-ADE6CBAD68D1}.Release|Any CPU.Build.0 = Release|Any CPU
	EndGlobalSection
	GlobalSection(SolutionProperties) = preSolution
		HideSolutionNode = FALSE
	EndGlobalSection
EndGlobal
